
Microsoft Visual Studio Solution File, Format Version 12.00
# Visual Studio Version 17
VisualStudioVersion = 17.6.33815.320
MinimumVisualStudioVersion = 10.0.40219.1
Project("{FAE04EC0-301F-11D3-BF4B-00C04F79EFBC}") = "assignment19_part1", "assignment19_part1\assignment19_part1.csproj", "{AEEDEC2B-210B-49F1-9F5E-D8557AE69EDB}"
EndProject
Global
	GlobalSection(SolutionConfigurationPlatforms) = preSolution
		Debug|Any CPU = Debug|Any CPU
		Release|Any CPU = Release|Any CPU
	EndGlobalSection
	GlobalSection(ProjectConfigurationPlatforms) = postSolution
		{AEEDEC2B-210B-49F1-9F5E-D8557AE69EDB}.Debug|Any CPU.ActiveCfg = Debug|Any CPU
		{AEEDEC2B-210B-49F1-9F5E-D8557AE69EDB}.Debug|Any CPU.Build.0 = Debug|Any CPU
		{AEEDEC2B-210B-49F1-9F5E-D8557AE69EDB}.Release|Any CPU.ActiveCfg = Release|Any CPU
		{AEEDEC2B-210B-49F1-9F5E-D8557AE69EDB}.Release|Any CPU.Build.0 = Release|Any CPU
	EndGlobalSection
	GlobalSection(SolutionProperties) = preSolution
		HideSolutionNode = FALSE
	EndGlobalSection
	GlobalSection(ExtensibilityGlobals) = postSolution
		SolutionGuid = {DF84A9AF-E58D-4995-B929-9C87E9888925}
	EndGlobalSection
EndGlobal
